<?xml version="1.0" encoding="UTF-8"?>
<!DOCTYPE plist PUBLIC "-//Apple//DTD PLIST 1.0//EN" "http://www.apple.com/DTDs/PropertyList-1.0.dtd">
<plist version="1.0">
<dict>
	<key>archiveVersion</key>
	<string>1</string>
	<key>classes</key>
	<dict/>
	<key>objectVersion</key>
	<string>46</string>
	<key>objects</key>
	<dict>
		<key>035630CAD67D48E2A68BD0FB</key>
		<dict>
			<key>explicitFileType</key>
			<string>archive.ar</string>
			<key>includeInIndex</key>
			<string>0</string>
			<key>isa</key>
			<string>PBXFileReference</string>
			<key>name</key>
			<string>libPods.a</string>
			<key>path</key>
			<string>libPods.a</string>
			<key>sourceTree</key>
			<string>BUILT_PRODUCTS_DIR</string>
		</dict>
		<key>2EA6AD9D702844149F93BEF7</key>
		<dict>
			<key>fileRef</key>
			<string>035630CAD67D48E2A68BD0FB</string>
			<key>isa</key>
			<string>PBXBuildFile</string>
			<key>settings</key>
			<dict/>
		</dict>
		<key>4A4264AC178E1B430032EF1C</key>
		<dict>
			<key>children</key>
			<array>
				<string>4A4264C0178E1B440032EF1C</string>
				<string>4A4264B7178E1B440032EF1C</string>
				<string>4A4264B6178E1B440032EF1C</string>
				<string>678244B203CD4993AA05D39A</string>
			</array>
			<key>isa</key>
			<string>PBXGroup</string>
			<key>sourceTree</key>
			<string>&lt;group&gt;</string>
		</dict>
		<key>4A4264AD178E1B430032EF1C</key>
		<dict>
			<key>attributes</key>
			<dict>
				<key>CLASSPREFIX</key>
				<string>PK</string>
				<key>LastUpgradeCheck</key>
				<string>0460</string>
				<key>ORGANIZATIONNAME</key>
				<string>Phil Kast</string>
			</dict>
			<key>buildConfigurationList</key>
			<string>4A4264B0178E1B430032EF1C</string>
			<key>compatibilityVersion</key>
			<string>Xcode 3.2</string>
			<key>developmentRegion</key>
			<string>English</string>
			<key>hasScannedForEncodings</key>
			<string>0</string>
			<key>isa</key>
			<string>PBXProject</string>
			<key>knownRegions</key>
			<array>
				<string>en</string>
			</array>
			<key>mainGroup</key>
			<string>4A4264AC178E1B430032EF1C</string>
			<key>productRefGroup</key>
			<string>4A4264B6178E1B440032EF1C</string>
			<key>projectDirPath</key>
			<string></string>
			<key>projectReferences</key>
			<array/>
			<key>projectRoot</key>
			<string></string>
			<key>targets</key>
			<array>
				<string>4A4264B4178E1B440032EF1C</string>
			</array>
		</dict>
		<key>4A4264B0178E1B430032EF1C</key>
		<dict>
			<key>buildConfigurations</key>
			<array>
				<string>4A4264DE178E1B440032EF1C</string>
				<string>4A4264DF178E1B440032EF1C</string>
			</array>
			<key>defaultConfigurationIsVisible</key>
			<string>0</string>
			<key>defaultConfigurationName</key>
			<string>Release</string>
			<key>isa</key>
			<string>XCConfigurationList</string>
		</dict>
		<key>4A4264B1178E1B440032EF1C</key>
		<dict>
			<key>buildActionMask</key>
			<string>2147483647</string>
			<key>files</key>
			<array>
				<string>4A4264C7178E1B440032EF1C</string>
				<string>4A4264CB178E1B440032EF1C</string>
				<string>4A4264D7178E1B440032EF1C</string>
				<string>4A4264EB178E1F810032EF1C</string>
				<string>4A4264EC178E1F810032EF1C</string>
				<string>4A4264ED178E1F810032EF1C</string>
				<string>4A4264F3178F66BE0032EF1C</string>
				<string>4A426500178F764E0032EF1C</string>
				<string>4A4265041790BF410032EF1C</string>
			</array>
			<key>isa</key>
			<string>PBXSourcesBuildPhase</string>
			<key>runOnlyForDeploymentPostprocessing</key>
			<string>0</string>
		</dict>
		<key>4A4264B2178E1B440032EF1C</key>
		<dict>
			<key>buildActionMask</key>
			<string>2147483647</string>
			<key>files</key>
			<array>
				<string>4A4264FD178F6E370032EF1C</string>
				<string>4A4264FB178F6E290032EF1C</string>
				<string>4A4264F9178F6E230032EF1C</string>
				<string>4A4264F7178F6E180032EF1C</string>
				<string>4A4264F5178F6E010032EF1C</string>
				<string>4A4264B9178E1B440032EF1C</string>
				<string>4A4264BB178E1B440032EF1C</string>
				<string>4A4264BD178E1B440032EF1C</string>
				<string>4A4264BF178E1B440032EF1C</string>
				<string>4A4264EF178F65460032EF1C</string>
				<string>2EA6AD9D702844149F93BEF7</string>
			</array>
			<key>isa</key>
			<string>PBXFrameworksBuildPhase</string>
			<key>runOnlyForDeploymentPostprocessing</key>
			<string>0</string>
		</dict>
		<key>4A4264B3178E1B440032EF1C</key>
		<dict>
			<key>buildActionMask</key>
			<string>2147483647</string>
			<key>files</key>
			<array>
				<string>4A4264C5178E1B440032EF1C</string>
				<string>4A4264CD178E1B440032EF1C</string>
				<string>4A4264CF178E1B440032EF1C</string>
				<string>4A4264D1178E1B440032EF1C</string>
				<string>4A4264EA178E1F810032EF1C</string>
			</array>
			<key>isa</key>
			<string>PBXResourcesBuildPhase</string>
			<key>runOnlyForDeploymentPostprocessing</key>
			<string>0</string>
		</dict>
		<key>4A4264B4178E1B440032EF1C</key>
		<dict>
			<key>buildConfigurationList</key>
			<string>4A4264E0178E1B440032EF1C</string>
			<key>buildPhases</key>
			<array>
				<string>E1DC89520F7B479F8E8AB729</string>
				<string>4A4264B1178E1B440032EF1C</string>
				<string>4A4264B2178E1B440032EF1C</string>
				<string>4A4264B3178E1B440032EF1C</string>
				<string>E3F697EBFE6049519C4A1E58</string>
			</array>
			<key>buildRules</key>
			<array/>
			<key>dependencies</key>
			<array/>
			<key>isa</key>
			<string>PBXNativeTarget</string>
			<key>name</key>
			<string>CoreDataStoreDemo</string>
			<key>productName</key>
			<string>CoreDataStoreDemo</string>
			<key>productReference</key>
			<string>4A4264B5178E1B440032EF1C</string>
			<key>productType</key>
			<string>com.apple.product-type.application</string>
		</dict>
		<key>4A4264B5178E1B440032EF1C</key>
		<dict>
			<key>explicitFileType</key>
			<string>wrapper.application</string>
			<key>includeInIndex</key>
			<string>0</string>
			<key>isa</key>
			<string>PBXFileReference</string>
			<key>path</key>
			<string>CoreDataStoreDemo.app</string>
			<key>sourceTree</key>
			<string>BUILT_PRODUCTS_DIR</string>
		</dict>
		<key>4A4264B6178E1B440032EF1C</key>
		<dict>
			<key>children</key>
			<array>
				<string>4A4264B5178E1B440032EF1C</string>
			</array>
			<key>isa</key>
			<string>PBXGroup</string>
			<key>name</key>
			<string>Products</string>
			<key>sourceTree</key>
			<string>&lt;group&gt;</string>
		</dict>
		<key>4A4264B7178E1B440032EF1C</key>
		<dict>
			<key>children</key>
			<array>
				<string>4A4264FC178F6E370032EF1C</string>
				<string>4A4264FA178F6E290032EF1C</string>
				<string>4A4264F8178F6E230032EF1C</string>
				<string>4A4264F6178F6E180032EF1C</string>
				<string>4A4264F4178F6E010032EF1C</string>
				<string>4A4264EE178F65460032EF1C</string>
				<string>4A4264B8178E1B440032EF1C</string>
				<string>4A4264BA178E1B440032EF1C</string>
				<string>4A4264BC178E1B440032EF1C</string>
				<string>4A4264BE178E1B440032EF1C</string>
				<string>035630CAD67D48E2A68BD0FB</string>
			</array>
			<key>isa</key>
			<string>PBXGroup</string>
			<key>name</key>
			<string>Frameworks</string>
			<key>sourceTree</key>
			<string>&lt;group&gt;</string>
		</dict>
		<key>4A4264B8178E1B440032EF1C</key>
		<dict>
			<key>isa</key>
			<string>PBXFileReference</string>
			<key>lastKnownFileType</key>
			<string>wrapper.framework</string>
			<key>name</key>
			<string>UIKit.framework</string>
			<key>path</key>
			<string>System/Library/Frameworks/UIKit.framework</string>
			<key>sourceTree</key>
			<string>SDKROOT</string>
		</dict>
		<key>4A4264B9178E1B440032EF1C</key>
		<dict>
			<key>fileRef</key>
			<string>4A4264B8178E1B440032EF1C</string>
			<key>isa</key>
			<string>PBXBuildFile</string>
		</dict>
		<key>4A4264BA178E1B440032EF1C</key>
		<dict>
			<key>isa</key>
			<string>PBXFileReference</string>
			<key>lastKnownFileType</key>
			<string>wrapper.framework</string>
			<key>name</key>
			<string>Foundation.framework</string>
			<key>path</key>
			<string>System/Library/Frameworks/Foundation.framework</string>
			<key>sourceTree</key>
			<string>SDKROOT</string>
		</dict>
		<key>4A4264BB178E1B440032EF1C</key>
		<dict>
			<key>fileRef</key>
			<string>4A4264BA178E1B440032EF1C</string>
			<key>isa</key>
			<string>PBXBuildFile</string>
		</dict>
		<key>4A4264BC178E1B440032EF1C</key>
		<dict>
			<key>isa</key>
			<string>PBXFileReference</string>
			<key>lastKnownFileType</key>
			<string>wrapper.framework</string>
			<key>name</key>
			<string>CoreGraphics.framework</string>
			<key>path</key>
			<string>System/Library/Frameworks/CoreGraphics.framework</string>
			<key>sourceTree</key>
			<string>SDKROOT</string>
		</dict>
		<key>4A4264BD178E1B440032EF1C</key>
		<dict>
			<key>fileRef</key>
			<string>4A4264BC178E1B440032EF1C</string>
			<key>isa</key>
			<string>PBXBuildFile</string>
		</dict>
		<key>4A4264BE178E1B440032EF1C</key>
		<dict>
			<key>isa</key>
			<string>PBXFileReference</string>
			<key>lastKnownFileType</key>
			<string>wrapper.framework</string>
			<key>name</key>
			<string>CoreData.framework</string>
			<key>path</key>
			<string>System/Library/Frameworks/CoreData.framework</string>
			<key>sourceTree</key>
			<string>SDKROOT</string>
		</dict>
		<key>4A4264BF178E1B440032EF1C</key>
		<dict>
			<key>fileRef</key>
			<string>4A4264BE178E1B440032EF1C</string>
			<key>isa</key>
			<string>PBXBuildFile</string>
		</dict>
		<key>4A4264C0178E1B440032EF1C</key>
		<dict>
			<key>children</key>
			<array>
				<string>4A4264F0178F66610032EF1C</string>
				<string>4A426501178F76560032EF1C</string>
				<string>4A4264C9178E1B440032EF1C</string>
				<string>4A4264CA178E1B440032EF1C</string>
				<string>4A4264E3178E1F810032EF1C</string>
				<string>4A4264E4178E1F810032EF1C</string>
				<string>4A4264E5178E1F810032EF1C</string>
				<string>4A4264E6178E1F810032EF1C</string>
				<string>4A4264E7178E1F810032EF1C</string>
				<string>4A4264E8178E1F810032EF1C</string>
				<string>4A4264E9178E1F810032EF1C</string>
				<string>4A4264C1178E1B440032EF1C</string>
			</array>
			<key>isa</key>
			<string>PBXGroup</string>
			<key>path</key>
			<string>CoreDataStoreDemo</string>
			<key>sourceTree</key>
			<string>&lt;group&gt;</string>
		</dict>
		<key>4A4264C1178E1B440032EF1C</key>
		<dict>
			<key>children</key>
			<array>
				<string>4A4264C2178E1B440032EF1C</string>
				<string>4A4264C3178E1B440032EF1C</string>
				<string>4A4264C6178E1B440032EF1C</string>
				<string>4A4264C8178E1B440032EF1C</string>
				<string>4A4264CC178E1B440032EF1C</string>
				<string>4A4264CE178E1B440032EF1C</string>
				<string>4A4264D0178E1B440032EF1C</string>
			</array>
			<key>isa</key>
			<string>PBXGroup</string>
			<key>name</key>
			<string>Supporting Files</string>
			<key>sourceTree</key>
			<string>&lt;group&gt;</string>
		</dict>
		<key>4A4264C2178E1B440032EF1C</key>
		<dict>
			<key>isa</key>
			<string>PBXFileReference</string>
			<key>lastKnownFileType</key>
			<string>text.plist.xml</string>
			<key>path</key>
			<string>CoreDataStoreDemo-Info.plist</string>
			<key>sourceTree</key>
			<string>&lt;group&gt;</string>
		</dict>
		<key>4A4264C3178E1B440032EF1C</key>
		<dict>
			<key>children</key>
			<array>
				<string>4A4264C4178E1B440032EF1C</string>
			</array>
			<key>isa</key>
			<string>PBXVariantGroup</string>
			<key>name</key>
			<string>InfoPlist.strings</string>
			<key>sourceTree</key>
			<string>&lt;group&gt;</string>
		</dict>
		<key>4A4264C4178E1B440032EF1C</key>
		<dict>
			<key>isa</key>
			<string>PBXFileReference</string>
			<key>lastKnownFileType</key>
			<string>text.plist.strings</string>
			<key>name</key>
			<string>en</string>
			<key>path</key>
			<string>en.lproj/InfoPlist.strings</string>
			<key>sourceTree</key>
			<string>&lt;group&gt;</string>
		</dict>
		<key>4A4264C5178E1B440032EF1C</key>
		<dict>
			<key>fileRef</key>
			<string>4A4264C3178E1B440032EF1C</string>
			<key>isa</key>
			<string>PBXBuildFile</string>
		</dict>
		<key>4A4264C6178E1B440032EF1C</key>
		<dict>
			<key>isa</key>
			<string>PBXFileReference</string>
			<key>lastKnownFileType</key>
			<string>sourcecode.c.objc</string>
			<key>path</key>
			<string>main.m</string>
			<key>sourceTree</key>
			<string>&lt;group&gt;</string>
		</dict>
		<key>4A4264C7178E1B440032EF1C</key>
		<dict>
			<key>fileRef</key>
			<string>4A4264C6178E1B440032EF1C</string>
			<key>isa</key>
			<string>PBXBuildFile</string>
		</dict>
		<key>4A4264C8178E1B440032EF1C</key>
		<dict>
			<key>isa</key>
			<string>PBXFileReference</string>
			<key>lastKnownFileType</key>
			<string>sourcecode.c.h</string>
			<key>path</key>
			<string>CoreDataStoreDemo-Prefix.pch</string>
			<key>sourceTree</key>
			<string>&lt;group&gt;</string>
		</dict>
		<key>4A4264C9178E1B440032EF1C</key>
		<dict>
			<key>isa</key>
			<string>PBXFileReference</string>
			<key>lastKnownFileType</key>
			<string>sourcecode.c.h</string>
			<key>path</key>
			<string>AppDelegate.h</string>
			<key>sourceTree</key>
			<string>&lt;group&gt;</string>
		</dict>
		<key>4A4264CA178E1B440032EF1C</key>
		<dict>
			<key>isa</key>
			<string>PBXFileReference</string>
			<key>lastKnownFileType</key>
			<string>sourcecode.c.objc</string>
			<key>path</key>
			<string>AppDelegate.m</string>
			<key>sourceTree</key>
			<string>&lt;group&gt;</string>
		</dict>
		<key>4A4264CB178E1B440032EF1C</key>
		<dict>
			<key>fileRef</key>
			<string>4A4264CA178E1B440032EF1C</string>
			<key>isa</key>
			<string>PBXBuildFile</string>
		</dict>
		<key>4A4264CC178E1B440032EF1C</key>
		<dict>
			<key>isa</key>
			<string>PBXFileReference</string>
			<key>lastKnownFileType</key>
			<string>image.png</string>
			<key>path</key>
			<string>Default.png</string>
			<key>sourceTree</key>
			<string>&lt;group&gt;</string>
		</dict>
		<key>4A4264CD178E1B440032EF1C</key>
		<dict>
			<key>fileRef</key>
			<string>4A4264CC178E1B440032EF1C</string>
			<key>isa</key>
			<string>PBXBuildFile</string>
		</dict>
		<key>4A4264CE178E1B440032EF1C</key>
		<dict>
			<key>isa</key>
			<string>PBXFileReference</string>
			<key>lastKnownFileType</key>
			<string>image.png</string>
			<key>path</key>
			<string>Default@2x.png</string>
			<key>sourceTree</key>
			<string>&lt;group&gt;</string>
		</dict>
		<key>4A4264CF178E1B440032EF1C</key>
		<dict>
			<key>fileRef</key>
			<string>4A4264CE178E1B440032EF1C</string>
			<key>isa</key>
			<string>PBXBuildFile</string>
		</dict>
		<key>4A4264D0178E1B440032EF1C</key>
		<dict>
			<key>isa</key>
			<string>PBXFileReference</string>
			<key>lastKnownFileType</key>
			<string>image.png</string>
			<key>path</key>
			<string>Default-568h@2x.png</string>
			<key>sourceTree</key>
			<string>&lt;group&gt;</string>
		</dict>
		<key>4A4264D1178E1B440032EF1C</key>
		<dict>
			<key>fileRef</key>
			<string>4A4264D0178E1B440032EF1C</string>
			<key>isa</key>
			<string>PBXBuildFile</string>
		</dict>
		<key>4A4264D5178E1B440032EF1C</key>
		<dict>
			<key>children</key>
			<array>
				<string>4A4264D6178E1B440032EF1C</string>
			</array>
			<key>currentVersion</key>
			<string>4A4264D6178E1B440032EF1C</string>
			<key>isa</key>
			<string>XCVersionGroup</string>
			<key>path</key>
			<string>CoreDataStoreDemo.xcdatamodeld</string>
			<key>sourceTree</key>
			<string>&lt;group&gt;</string>
			<key>versionGroupType</key>
			<string>wrapper.xcdatamodel</string>
		</dict>
		<key>4A4264D6178E1B440032EF1C</key>
		<dict>
			<key>isa</key>
			<string>PBXFileReference</string>
			<key>lastKnownFileType</key>
			<string>wrapper.xcdatamodel</string>
			<key>path</key>
			<string>CoreDataStoreDemo.xcdatamodel</string>
			<key>sourceTree</key>
			<string>&lt;group&gt;</string>
		</dict>
		<key>4A4264D7178E1B440032EF1C</key>
		<dict>
			<key>fileRef</key>
			<string>4A4264D5178E1B440032EF1C</string>
			<key>isa</key>
			<string>PBXBuildFile</string>
		</dict>
		<key>4A4264DE178E1B440032EF1C</key>
		<dict>
			<key>buildSettings</key>
			<dict>
				<key>ALWAYS_SEARCH_USER_PATHS</key>
				<string>NO</string>
				<key>CLANG_CXX_LANGUAGE_STANDARD</key>
				<string>gnu++0x</string>
				<key>CLANG_CXX_LIBRARY</key>
				<string>libc++</string>
				<key>CLANG_ENABLE_OBJC_ARC</key>
				<string>YES</string>
				<key>CLANG_WARN_CONSTANT_CONVERSION</key>
				<string>YES</string>
				<key>CLANG_WARN_EMPTY_BODY</key>
				<string>YES</string>
				<key>CLANG_WARN_ENUM_CONVERSION</key>
				<string>YES</string>
				<key>CLANG_WARN_INT_CONVERSION</key>
				<string>YES</string>
				<key>CLANG_WARN__DUPLICATE_METHOD_MATCH</key>
				<string>YES</string>
				<key>CODE_SIGN_IDENTITY[sdk=iphoneos*]</key>
				<string>iPhone Developer</string>
				<key>COPY_PHASE_STRIP</key>
				<string>NO</string>
				<key>GCC_C_LANGUAGE_STANDARD</key>
				<string>gnu99</string>
				<key>GCC_DYNAMIC_NO_PIC</key>
				<string>NO</string>
				<key>GCC_OPTIMIZATION_LEVEL</key>
				<string>0</string>
				<key>GCC_PREPROCESSOR_DEFINITIONS</key>
				<array>
					<string>DEBUG=1</string>
					<string>$(inherited)</string>
				</array>
				<key>GCC_SYMBOLS_PRIVATE_EXTERN</key>
				<string>NO</string>
				<key>GCC_WARN_ABOUT_RETURN_TYPE</key>
				<string>YES</string>
				<key>GCC_WARN_UNINITIALIZED_AUTOS</key>
				<string>YES</string>
				<key>GCC_WARN_UNUSED_VARIABLE</key>
				<string>YES</string>
				<key>IPHONEOS_DEPLOYMENT_TARGET</key>
				<string>6.1</string>
				<key>ONLY_ACTIVE_ARCH</key>
				<string>YES</string>
				<key>SDKROOT</key>
				<string>iphoneos</string>
			</dict>
			<key>isa</key>
			<string>XCBuildConfiguration</string>
			<key>name</key>
			<string>Debug</string>
		</dict>
		<key>4A4264DF178E1B440032EF1C</key>
		<dict>
			<key>buildSettings</key>
			<dict>
				<key>ALWAYS_SEARCH_USER_PATHS</key>
				<string>NO</string>
				<key>CLANG_CXX_LANGUAGE_STANDARD</key>
				<string>gnu++0x</string>
				<key>CLANG_CXX_LIBRARY</key>
				<string>libc++</string>
				<key>CLANG_ENABLE_OBJC_ARC</key>
				<string>YES</string>
				<key>CLANG_WARN_CONSTANT_CONVERSION</key>
				<string>YES</string>
				<key>CLANG_WARN_EMPTY_BODY</key>
				<string>YES</string>
				<key>CLANG_WARN_ENUM_CONVERSION</key>
				<string>YES</string>
				<key>CLANG_WARN_INT_CONVERSION</key>
				<string>YES</string>
				<key>CLANG_WARN__DUPLICATE_METHOD_MATCH</key>
				<string>YES</string>
				<key>CODE_SIGN_IDENTITY[sdk=iphoneos*]</key>
				<string>iPhone Developer</string>
				<key>COPY_PHASE_STRIP</key>
				<string>YES</string>
				<key>GCC_C_LANGUAGE_STANDARD</key>
				<string>gnu99</string>
				<key>GCC_WARN_ABOUT_RETURN_TYPE</key>
				<string>YES</string>
				<key>GCC_WARN_UNINITIALIZED_AUTOS</key>
				<string>YES</string>
				<key>GCC_WARN_UNUSED_VARIABLE</key>
				<string>YES</string>
				<key>IPHONEOS_DEPLOYMENT_TARGET</key>
				<string>6.1</string>
				<key>OTHER_CFLAGS</key>
				<string>-DNS_BLOCK_ASSERTIONS=1</string>
				<key>SDKROOT</key>
				<string>iphoneos</string>
				<key>VALIDATE_PRODUCT</key>
				<string>YES</string>
			</dict>
			<key>isa</key>
			<string>XCBuildConfiguration</string>
			<key>name</key>
			<string>Release</string>
		</dict>
		<key>4A4264E0178E1B440032EF1C</key>
		<dict>
			<key>buildConfigurations</key>
			<array>
				<string>4A4264E1178E1B440032EF1C</string>
				<string>4A4264E2178E1B440032EF1C</string>
			</array>
			<key>defaultConfigurationIsVisible</key>
			<string>0</string>
			<key>isa</key>
			<string>XCConfigurationList</string>
		</dict>
		<key>4A4264E1178E1B440032EF1C</key>
		<dict>
			<key>baseConfigurationReference</key>
			<string>678244B203CD4993AA05D39A</string>
			<key>buildSettings</key>
			<dict>
				<key>FRAMEWORK_SEARCH_PATHS</key>
				<array>
					<string>$(inherited)</string>
					<string>"$(SRCROOT)"</string>
				</array>
				<key>GCC_PRECOMPILE_PREFIX_HEADER</key>
				<string>YES</string>
				<key>GCC_PREFIX_HEADER</key>
				<string>CoreDataStoreDemo/CoreDataStoreDemo-Prefix.pch</string>
				<key>INFOPLIST_FILE</key>
				<string>CoreDataStoreDemo/CoreDataStoreDemo-Info.plist</string>
				<key>PRODUCT_NAME</key>
				<string>$(TARGET_NAME)</string>
				<key>WRAPPER_EXTENSION</key>
				<string>app</string>
			</dict>
			<key>isa</key>
			<string>XCBuildConfiguration</string>
			<key>name</key>
			<string>Debug</string>
		</dict>
		<key>4A4264E2178E1B440032EF1C</key>
		<dict>
			<key>baseConfigurationReference</key>
			<string>678244B203CD4993AA05D39A</string>
			<key>buildSettings</key>
			<dict>
				<key>FRAMEWORK_SEARCH_PATHS</key>
				<array>
					<string>$(inherited)</string>
					<string>"$(SRCROOT)"</string>
				</array>
				<key>GCC_PRECOMPILE_PREFIX_HEADER</key>
				<string>YES</string>
				<key>GCC_PREFIX_HEADER</key>
				<string>CoreDataStoreDemo/CoreDataStoreDemo-Prefix.pch</string>
				<key>INFOPLIST_FILE</key>
				<string>CoreDataStoreDemo/CoreDataStoreDemo-Info.plist</string>
				<key>PRODUCT_NAME</key>
				<string>$(TARGET_NAME)</string>
				<key>WRAPPER_EXTENSION</key>
				<string>app</string>
			</dict>
			<key>isa</key>
			<string>XCBuildConfiguration</string>
			<key>name</key>
			<string>Release</string>
		</dict>
		<key>4A4264E3178E1F810032EF1C</key>
		<dict>
			<key>fileEncoding</key>
			<string>4</string>
			<key>isa</key>
			<string>PBXFileReference</string>
			<key>lastKnownFileType</key>
			<string>file.storyboard</string>
			<key>path</key>
			<string>Storyboard.storyboard</string>
			<key>sourceTree</key>
			<string>&lt;group&gt;</string>
		</dict>
		<key>4A4264E4178E1F810032EF1C</key>
		<dict>
			<key>fileEncoding</key>
			<string>4</string>
			<key>isa</key>
			<string>PBXFileReference</string>
			<key>lastKnownFileType</key>
			<string>sourcecode.c.h</string>
			<key>path</key>
			<string>TasksController.h</string>
			<key>sourceTree</key>
			<string>&lt;group&gt;</string>
		</dict>
		<key>4A4264E5178E1F810032EF1C</key>
		<dict>
			<key>fileEncoding</key>
			<string>4</string>
			<key>isa</key>
			<string>PBXFileReference</string>
			<key>lastKnownFileType</key>
			<string>sourcecode.c.objc</string>
			<key>path</key>
			<string>TasksController.m</string>
			<key>sourceTree</key>
			<string>&lt;group&gt;</string>
		</dict>
		<key>4A4264E6178E1F810032EF1C</key>
		<dict>
			<key>fileEncoding</key>
			<string>4</string>
			<key>isa</key>
			<string>PBXFileReference</string>
			<key>lastKnownFileType</key>
			<string>sourcecode.c.h</string>
			<key>path</key>
			<string>InputTaskCell.h</string>
			<key>sourceTree</key>
			<string>&lt;group&gt;</string>
		</dict>
		<key>4A4264E7178E1F810032EF1C</key>
		<dict>
			<key>fileEncoding</key>
			<string>4</string>
			<key>isa</key>
			<string>PBXFileReference</string>
			<key>lastKnownFileType</key>
			<string>sourcecode.c.objc</string>
			<key>path</key>
			<string>InputTaskCell.m</string>
			<key>sourceTree</key>
			<string>&lt;group&gt;</string>
		</dict>
		<key>4A4264E8178E1F810032EF1C</key>
		<dict>
			<key>fileEncoding</key>
			<string>4</string>
			<key>isa</key>
			<string>PBXFileReference</string>
			<key>lastKnownFileType</key>
			<string>sourcecode.c.h</string>
			<key>path</key>
			<string>TaskCell.h</string>
			<key>sourceTree</key>
			<string>&lt;group&gt;</string>
		</dict>
		<key>4A4264E9178E1F810032EF1C</key>
		<dict>
			<key>fileEncoding</key>
			<string>4</string>
			<key>isa</key>
			<string>PBXFileReference</string>
			<key>lastKnownFileType</key>
			<string>sourcecode.c.objc</string>
			<key>path</key>
			<string>TaskCell.m</string>
			<key>sourceTree</key>
			<string>&lt;group&gt;</string>
		</dict>
		<key>4A4264EA178E1F810032EF1C</key>
		<dict>
			<key>fileRef</key>
			<string>4A4264E3178E1F810032EF1C</string>
			<key>isa</key>
			<string>PBXBuildFile</string>
		</dict>
		<key>4A4264EB178E1F810032EF1C</key>
		<dict>
			<key>fileRef</key>
			<string>4A4264E5178E1F810032EF1C</string>
			<key>isa</key>
			<string>PBXBuildFile</string>
		</dict>
		<key>4A4264EC178E1F810032EF1C</key>
		<dict>
			<key>fileRef</key>
			<string>4A4264E7178E1F810032EF1C</string>
			<key>isa</key>
			<string>PBXBuildFile</string>
		</dict>
		<key>4A4264ED178E1F810032EF1C</key>
		<dict>
			<key>fileRef</key>
			<string>4A4264E9178E1F810032EF1C</string>
			<key>isa</key>
			<string>PBXBuildFile</string>
		</dict>
		<key>4A4264EE178F65460032EF1C</key>
		<dict>
			<key>isa</key>
			<string>PBXFileReference</string>
			<key>lastKnownFileType</key>
			<string>wrapper.framework</string>
			<key>path</key>
			<string>Dropbox.framework</string>
			<key>sourceTree</key>
			<string>&lt;group&gt;</string>
		</dict>
		<key>4A4264EF178F65460032EF1C</key>
		<dict>
			<key>fileRef</key>
			<string>4A4264EE178F65460032EF1C</string>
			<key>isa</key>
			<string>PBXBuildFile</string>
		</dict>
		<key>4A4264F0178F66610032EF1C</key>
		<dict>
			<key>children</key>
			<array>
				<string>4A4264F1178F66BE0032EF1C</string>
				<string>4A4264F2178F66BE0032EF1C</string>
				<string>4A4265021790BF410032EF1C</string>
				<string>4A4265031790BF410032EF1C</string>
			</array>
			<key>isa</key>
			<string>PBXGroup</string>
			<key>name</key>
			<string>Incremental store</string>
			<key>sourceTree</key>
			<string>&lt;group&gt;</string>
		</dict>
		<key>4A4264F1178F66BE0032EF1C</key>
		<dict>
			<key>fileEncoding</key>
			<string>4</string>
			<key>isa</key>
			<string>PBXFileReference</string>
			<key>lastKnownFileType</key>
			<string>sourcecode.c.h</string>
			<key>name</key>
			<string>PKDataStoreAtomicStore.h</string>
			<key>path</key>
			<string>PKDataStoreIncrementalStore/PKDataStoreAtomicStore.h</string>
			<key>sourceTree</key>
			<string>SOURCE_ROOT</string>
		</dict>
		<key>4A4264F2178F66BE0032EF1C</key>
		<dict>
			<key>fileEncoding</key>
			<string>4</string>
			<key>isa</key>
			<string>PBXFileReference</string>
			<key>lastKnownFileType</key>
			<string>sourcecode.c.objc</string>
			<key>name</key>
			<string>PKDataStoreAtomicStore.m</string>
			<key>path</key>
			<string>PKDataStoreIncrementalStore/PKDataStoreAtomicStore.m</string>
			<key>sourceTree</key>
			<string>SOURCE_ROOT</string>
		</dict>
		<key>4A4264F3178F66BE0032EF1C</key>
		<dict>
			<key>fileRef</key>
			<string>4A4264F2178F66BE0032EF1C</string>
			<key>isa</key>
			<string>PBXBuildFile</string>
		</dict>
		<key>4A4264F4178F6E010032EF1C</key>
		<dict>
			<key>isa</key>
			<string>PBXFileReference</string>
			<key>lastKnownFileType</key>
			<string>wrapper.framework</string>
			<key>name</key>
			<string>SystemConfiguration.framework</string>
			<key>path</key>
			<string>System/Library/Frameworks/SystemConfiguration.framework</string>
			<key>sourceTree</key>
			<string>SDKROOT</string>
		</dict>
		<key>4A4264F5178F6E010032EF1C</key>
		<dict>
			<key>fileRef</key>
			<string>4A4264F4178F6E010032EF1C</string>
			<key>isa</key>
			<string>PBXBuildFile</string>
		</dict>
		<key>4A4264F6178F6E180032EF1C</key>
		<dict>
			<key>isa</key>
			<string>PBXFileReference</string>
			<key>lastKnownFileType</key>
			<string>wrapper.framework</string>
			<key>name</key>
			<string>CFNetwork.framework</string>
			<key>path</key>
			<string>System/Library/Frameworks/CFNetwork.framework</string>
			<key>sourceTree</key>
			<string>SDKROOT</string>
		</dict>
		<key>4A4264F7178F6E180032EF1C</key>
		<dict>
			<key>fileRef</key>
			<string>4A4264F6178F6E180032EF1C</string>
			<key>isa</key>
			<string>PBXBuildFile</string>
		</dict>
		<key>4A4264F8178F6E230032EF1C</key>
		<dict>
			<key>isa</key>
			<string>PBXFileReference</string>
			<key>lastKnownFileType</key>
			<string>wrapper.framework</string>
			<key>name</key>
			<string>QuartzCore.framework</string>
			<key>path</key>
			<string>System/Library/Frameworks/QuartzCore.framework</string>
			<key>sourceTree</key>
			<string>SDKROOT</string>
		</dict>
		<key>4A4264F9178F6E230032EF1C</key>
		<dict>
			<key>fileRef</key>
			<string>4A4264F8178F6E230032EF1C</string>
			<key>isa</key>
			<string>PBXBuildFile</string>
		</dict>
		<key>4A4264FA178F6E290032EF1C</key>
		<dict>
			<key>isa</key>
			<string>PBXFileReference</string>
			<key>lastKnownFileType</key>
			<string>wrapper.framework</string>
			<key>name</key>
			<string>Security.framework</string>
			<key>path</key>
			<string>System/Library/Frameworks/Security.framework</string>
			<key>sourceTree</key>
			<string>SDKROOT</string>
		</dict>
		<key>4A4264FB178F6E290032EF1C</key>
		<dict>
			<key>fileRef</key>
			<string>4A4264FA178F6E290032EF1C</string>
			<key>isa</key>
			<string>PBXBuildFile</string>
		</dict>
		<key>4A4264FC178F6E370032EF1C</key>
		<dict>
			<key>isa</key>
			<string>PBXFileReference</string>
			<key>lastKnownFileType</key>
			<string>compiled.mach-o.dylib</string>
			<key>name</key>
			<string>libc++.dylib</string>
			<key>path</key>
			<string>usr/lib/libc++.dylib</string>
			<key>sourceTree</key>
			<string>SDKROOT</string>
		</dict>
		<key>4A4264FD178F6E370032EF1C</key>
		<dict>
			<key>fileRef</key>
			<string>4A4264FC178F6E370032EF1C</string>
			<key>isa</key>
			<string>PBXBuildFile</string>
		</dict>
		<key>4A4264FE178F764D0032EF1C</key>
		<dict>
			<key>fileEncoding</key>
			<string>4</string>
			<key>isa</key>
			<string>PBXFileReference</string>
			<key>lastKnownFileType</key>
			<string>sourcecode.c.h</string>
			<key>path</key>
			<string>Task.h</string>
			<key>sourceTree</key>
			<string>&lt;group&gt;</string>
		</dict>
		<key>4A4264FF178F764D0032EF1C</key>
		<dict>
			<key>fileEncoding</key>
			<string>4</string>
			<key>isa</key>
			<string>PBXFileReference</string>
			<key>lastKnownFileType</key>
			<string>sourcecode.c.objc</string>
			<key>path</key>
			<string>Task.m</string>
			<key>sourceTree</key>
			<string>&lt;group&gt;</string>
		</dict>
		<key>4A426500178F764E0032EF1C</key>
		<dict>
			<key>fileRef</key>
			<string>4A4264FF178F764D0032EF1C</string>
			<key>isa</key>
			<string>PBXBuildFile</string>
		</dict>
		<key>4A426501178F76560032EF1C</key>
		<dict>
			<key>children</key>
			<array>
				<string>4A4264D5178E1B440032EF1C</string>
				<string>4A4264FE178F764D0032EF1C</string>
				<string>4A4264FF178F764D0032EF1C</string>
			</array>
			<key>isa</key>
			<string>PBXGroup</string>
			<key>name</key>
			<string>Model</string>
			<key>sourceTree</key>
			<string>&lt;group&gt;</string>
		</dict>
		<key>4A4265021790BF410032EF1C</key>
		<dict>
			<key>fileEncoding</key>
			<string>4</string>
			<key>isa</key>
			<string>PBXFileReference</string>
			<key>lastKnownFileType</key>
			<string>sourcecode.c.h</string>
			<key>path</key>
			<string>PKDataStoreAtomicStoreCacheNode.h</string>
			<key>sourceTree</key>
			<string>&lt;group&gt;</string>
		</dict>
		<key>4A4265031790BF410032EF1C</key>
		<dict>
			<key>fileEncoding</key>
			<string>4</string>
			<key>isa</key>
			<string>PBXFileReference</string>
			<key>lastKnownFileType</key>
			<string>sourcecode.c.objc</string>
			<key>path</key>
			<string>PKDataStoreAtomicStoreCacheNode.m</string>
			<key>sourceTree</key>
			<string>&lt;group&gt;</string>
		</dict>
		<key>4A4265041790BF410032EF1C</key>
		<dict>
			<key>fileRef</key>
			<string>4A4265031790BF410032EF1C</string>
			<key>isa</key>
			<string>PBXBuildFile</string>
		</dict>
		<key>678244B203CD4993AA05D39A</key>
		<dict>
			<key>includeInIndex</key>
			<string>1</string>
			<key>isa</key>
			<string>PBXFileReference</string>
			<key>lastKnownFileType</key>
			<string>text.xcconfig</string>
			<key>name</key>
			<string>Pods.xcconfig</string>
			<key>path</key>
			<string>Pods/Pods.xcconfig</string>
			<key>sourceTree</key>
			<string>SOURCE_ROOT</string>
		</dict>
		<key>E1DC89520F7B479F8E8AB729</key>
		<dict>
			<key>buildActionMask</key>
			<string>2147483647</string>
			<key>files</key>
			<array/>
			<key>inputPaths</key>
			<array/>
			<key>isa</key>
			<string>PBXShellScriptBuildPhase</string>
			<key>name</key>
			<string>Check Pods Manifest.lock</string>
			<key>outputPaths</key>
			<array/>
			<key>runOnlyForDeploymentPostprocessing</key>
			<string>0</string>
			<key>shellPath</key>
			<string>/bin/sh</string>
			<key>shellScript</key>
			<string>diff "${PODS_ROOT}/../Podfile.lock" "${PODS_ROOT}/Manifest.lock" &gt; /dev/null
if [[ $? != 0 ]] ; then
    cat &lt;&lt; EOM
error: The sandbox is not in sync with the Podfile.lock. Run 'pod install' or update your CocoaPods installation.
EOM
    exit 1
fi
</string>
			<key>showEnvVarsInLog</key>
			<string>1</string>
		</dict>
		<key>E3F697EBFE6049519C4A1E58</key>
		<dict>
			<key>buildActionMask</key>
			<string>2147483647</string>
			<key>files</key>
			<array/>
			<key>inputPaths</key>
			<array/>
			<key>isa</key>
			<string>PBXShellScriptBuildPhase</string>
			<key>name</key>
			<string>Copy Pods Resources</string>
			<key>outputPaths</key>
			<array/>
			<key>runOnlyForDeploymentPostprocessing</key>
			<string>0</string>
			<key>shellPath</key>
			<string>/bin/sh</string>
			<key>shellScript</key>
			<string>"${SRCROOT}/Pods/Pods-resources.sh"
</string>
			<key>showEnvVarsInLog</key>
			<string>1</string>
		</dict>
	</dict>
	<key>rootObject</key>
	<string>4A4264AD178E1B430032EF1C</string>
</dict>
</plist>
